
Microsoft Visual Studio Solution File, Format Version 12.00
# Visual Studio Version 17
VisualStudioVersion = 17.2.32616.157
MinimumVisualStudioVersion = 10.0.40219.1
Project("{FAE04EC0-301F-11D3-BF4B-00C04F79EFBC}") = "ModelsLibrary", "ModelsLibrary.csproj", "{7CBD4B1D-0440-4DA1-9A66-A1C01212627B}"
EndProject
Global
	GlobalSection(SolutionConfigurationPlatforms) = preSolution
		Debug|Any CPU = Debug|Any CPU
		Release|Any CPU = Release|Any CPU
	EndGlobalSection
	GlobalSection(ProjectConfigurationPlatforms) = postSolution
		{7CBD4B1D-0440-4DA1-9A66-A1C01212627B}.Debug|Any CPU.ActiveCfg = Debug|Any CPU
		{7CBD4B1D-0440-4DA1-9A66-A1C01212627B}.Debug|Any CPU.Build.0 = Debug|Any CPU
		{7CBD4B1D-0440-4DA1-9A66-A1C01212627B}.Release|Any CPU.ActiveCfg = Release|Any CPU
		{7CBD4B1D-0440-4DA1-9A66-A1C01212627B}.Release|Any CPU.Build.0 = Release|Any CPU
	EndGlobalSection
	GlobalSection(SolutionProperties) = preSolution
		HideSolutionNode = FALSE
	EndGlobalSection
	GlobalSection(ExtensibilityGlobals) = postSolution
		SolutionGuid = {DE6BA0B5-8E91-4142-A593-E03D53000059}
	EndGlobalSection
EndGlobal
